// !$*UTF8*$!
{
	archiveVersion = 1;
	classes = {
	};
	objectVersion = 48;
	objects = {

/* Begin PBXBuildFile section */
		3184A6C1265610CE9319DF15 /* Pods_ProductsListTests.framework in Frameworks */ = {isa = PBXBuildFile; fileRef = 26DE93D444433AEDDF510991 /* Pods_ProductsListTests.framework */; };
		359A04A3F5B8931B974560A2 /* Pods_ProductsListUITests.framework in Frameworks */ = {isa = PBXBuildFile; fileRef = 57D35D4481AAD322A023D534 /* Pods_ProductsListUITests.framework */; };
		373E5B2B27AC2C50F1086D08 /* Pods_ProductsList.framework in Frameworks */ = {isa = PBXBuildFile; fileRef = FD133B040515412DB6853D00 /* Pods_ProductsList.framework */; };
		4FAAFB94200FE080004CA0B4 /* AppDelegate.swift in Sources */ = {isa = PBXBuildFile; fileRef = 4FAAFB93200FE080004CA0B4 /* AppDelegate.swift */; };
		4FAAFB96200FE080004CA0B4 /* ViewController.swift in Sources */ = {isa = PBXBuildFile; fileRef = 4FAAFB95200FE080004CA0B4 /* ViewController.swift */; };
		4FAAFB99200FE080004CA0B4 /* Main.storyboard in Resources */ = {isa = PBXBuildFile; fileRef = 4FAAFB97200FE080004CA0B4 /* Main.storyboard */; };
		4FAAFB9B200FE080004CA0B4 /* Assets.xcassets in Resources */ = {isa = PBXBuildFile; fileRef = 4FAAFB9A200FE080004CA0B4 /* Assets.xcassets */; };
		4FAAFB9E200FE080004CA0B4 /* LaunchScreen.storyboard in Resources */ = {isa = PBXBuildFile; fileRef = 4FAAFB9C200FE080004CA0B4 /* LaunchScreen.storyboard */; };
		4FAAFBA9200FE080004CA0B4 /* ProductsListTests.swift in Sources */ = {isa = PBXBuildFile; fileRef = 4FAAFBA8200FE080004CA0B4 /* ProductsListTests.swift */; };
		4FAAFBB4200FE080004CA0B4 /* ProductsListUITests.swift in Sources */ = {isa = PBXBuildFile; fileRef = 4FAAFBB3200FE080004CA0B4 /* ProductsListUITests.swift */; };
		4FAAFBC3200FE3D9004CA0B4 /* Products.json in Resources */ = {isa = PBXBuildFile; fileRef = 4FAAFBC2200FE3D9004CA0B4 /* Products.json */; };
		4FAAFBC5200FE3E2004CA0B4 /* Group.json in Resources */ = {isa = PBXBuildFile; fileRef = 4FAAFBC4200FE3E2004CA0B4 /* Group.json */; };
/* End PBXBuildFile section */

/* Begin PBXContainerItemProxy section */
		4FAAFBA5200FE080004CA0B4 /* PBXContainerItemProxy */ = {
			isa = PBXContainerItemProxy;
			containerPortal = 4FAAFB88200FE080004CA0B4 /* Project object */;
			proxyType = 1;
			remoteGlobalIDString = 4FAAFB8F200FE080004CA0B4;
			remoteInfo = ProductsList;
		};
		4FAAFBB0200FE080004CA0B4 /* PBXContainerItemProxy */ = {
			isa = PBXContainerItemProxy;
			containerPortal = 4FAAFB88200FE080004CA0B4 /* Project object */;
			proxyType = 1;
			remoteGlobalIDString = 4FAAFB8F200FE080004CA0B4;
			remoteInfo = ProductsList;
		};
/* End PBXContainerItemProxy section */

/* Begin PBXFileReference section */
		26DE93D444433AEDDF510991 /* Pods_ProductsListTests.framework */ = {isa = PBXFileReference; explicitFileType = wrapper.framework; includeInIndex = 0; path = Pods_ProductsListTests.framework; sourceTree = BUILT_PRODUCTS_DIR; };
		4FAAFB90200FE080004CA0B4 /* ProductsList.app */ = {isa = PBXFileReference; explicitFileType = wrapper.application; includeInIndex = 0; path = ProductsList.app; sourceTree = BUILT_PRODUCTS_DIR; };
		4FAAFB93200FE080004CA0B4 /* AppDelegate.swift */ = {isa = PBXFileReference; lastKnownFileType = sourcecode.swift; path = AppDelegate.swift; sourceTree = "<group>"; };
		4FAAFB95200FE080004CA0B4 /* ViewController.swift */ = {isa = PBXFileReference; lastKnownFileType = sourcecode.swift; path = ViewController.swift; sourceTree = "<group>"; };
		4FAAFB98200FE080004CA0B4 /* Base */ = {isa = PBXFileReference; lastKnownFileType = file.storyboard; name = Base; path = Base.lproj/Main.storyboard; sourceTree = "<group>"; };
		4FAAFB9A200FE080004CA0B4 /* Assets.xcassets */ = {isa = PBXFileReference; lastKnownFileType = folder.assetcatalog; path = Assets.xcassets; sourceTree = "<group>"; };
		4FAAFB9D200FE080004CA0B4 /* Base */ = {isa = PBXFileReference; lastKnownFileType = file.storyboard; name = Base; path = Base.lproj/LaunchScreen.storyboard; sourceTree = "<group>"; };
		4FAAFB9F200FE080004CA0B4 /* Info.plist */ = {isa = PBXFileReference; lastKnownFileType = text.plist.xml; path = Info.plist; sourceTree = "<group>"; };
		4FAAFBA4200FE080004CA0B4 /* ProductsListTests.xctest */ = {isa = PBXFileReference; explicitFileType = wrapper.cfbundle; includeInIndex = 0; path = ProductsListTests.xctest; sourceTree = BUILT_PRODUCTS_DIR; };
		4FAAFBA8200FE080004CA0B4 /* ProductsListTests.swift */ = {isa = PBXFileReference; lastKnownFileType = sourcecode.swift; path = ProductsListTests.swift; sourceTree = "<group>"; };
		4FAAFBAA200FE080004CA0B4 /* Info.plist */ = {isa = PBXFileReference; lastKnownFileType = text.plist.xml; path = Info.plist; sourceTree = "<group>"; };
		4FAAFBAF200FE080004CA0B4 /* ProductsListUITests.xctest */ = {isa = PBXFileReference; explicitFileType = wrapper.cfbundle; includeInIndex = 0; path = ProductsListUITests.xctest; sourceTree = BUILT_PRODUCTS_DIR; };
		4FAAFBB3200FE080004CA0B4 /* ProductsListUITests.swift */ = {isa = PBXFileReference; lastKnownFileType = sourcecode.swift; path = ProductsListUITests.swift; sourceTree = "<group>"; };
		4FAAFBB5200FE080004CA0B4 /* Info.plist */ = {isa = PBXFileReference; lastKnownFileType = text.plist.xml; path = Info.plist; sourceTree = "<group>"; };
		4FAAFBC2200FE3D9004CA0B4 /* Products.json */ = {isa = PBXFileReference; fileEncoding = 4; lastKnownFileType = text.json; path = Products.json; sourceTree = "<group>"; };
		4FAAFBC4200FE3E2004CA0B4 /* Group.json */ = {isa = PBXFileReference; fileEncoding = 4; lastKnownFileType = text.json; path = Group.json; sourceTree = "<group>"; };
		562DD18908E88B80FF3BBCC2 /* Pods-ProductsList.release.xcconfig */ = {isa = PBXFileReference; includeInIndex = 1; lastKnownFileType = text.xcconfig; name = "Pods-ProductsList.release.xcconfig"; path = "Pods/Target Support Files/Pods-ProductsList/Pods-ProductsList.release.xcconfig"; sourceTree = "<group>"; };
		57D35D4481AAD322A023D534 /* Pods_ProductsListUITests.framework */ = {isa = PBXFileReference; explicitFileType = wrapper.framework; includeInIndex = 0; path = Pods_ProductsListUITests.framework; sourceTree = BUILT_PRODUCTS_DIR; };
		5A438B9EF3AF29DBE65C6225 /* Pods-ProductsListTests.release.xcconfig */ = {isa = PBXFileReference; includeInIndex = 1; lastKnownFileType = text.xcconfig; name = "Pods-ProductsListTests.release.xcconfig"; path = "Pods/Target Support Files/Pods-ProductsListTests/Pods-ProductsListTests.release.xcconfig"; sourceTree = "<group>"; };
		61FACD7FB8BBEEC1AAB101E2 /* Pods-ProductsList.debug.xcconfig */ = {isa = PBXFileReference; includeInIndex = 1; lastKnownFileType = text.xcconfig; name = "Pods-ProductsList.debug.xcconfig"; path = "Pods/Target Support Files/Pods-ProductsList/Pods-ProductsList.debug.xcconfig"; sourceTree = "<group>"; };
		642CDDB4CA7FA467B61FE8DE /* Pods-ProductsListUITests.release.xcconfig */ = {isa = PBXFileReference; includeInIndex = 1; lastKnownFileType = text.xcconfig; name = "Pods-ProductsListUITests.release.xcconfig"; path = "Pods/Target Support Files/Pods-ProductsListUITests/Pods-ProductsListUITests.release.xcconfig"; sourceTree = "<group>"; };
		CFF8EFA923ADAF40658F2615 /* Pods-ProductsListUITests.debug.xcconfig */ = {isa = PBXFileReference; includeInIndex = 1; lastKnownFileType = text.xcconfig; name = "Pods-ProductsListUITests.debug.xcconfig"; path = "Pods/Target Support Files/Pods-ProductsListUITests/Pods-ProductsListUITests.debug.xcconfig"; sourceTree = "<group>"; };
		EE23CF84051537A46DF9D1B5 /* Pods-ProductsListTests.debug.xcconfig */ = {isa = PBXFileReference; includeInIndex = 1; lastKnownFileType = text.xcconfig; name = "Pods-ProductsListTests.debug.xcconfig"; path = "Pods/Target Support Files/Pods-ProductsListTests/Pods-ProductsListTests.debug.xcconfig"; sourceTree = "<group>"; };
		FD133B040515412DB6853D00 /* Pods_ProductsList.framework */ = {isa = PBXFileReference; explicitFileType = wrapper.framework; includeInIndex = 0; path = Pods_ProductsList.framework; sourceTree = BUILT_PRODUCTS_DIR; };
/* End PBXFileReference section */

/* Begin PBXFrameworksBuildPhase section */
		4FAAFB8D200FE080004CA0B4 /* Frameworks */ = {
			isa = PBXFrameworksBuildPhase;
			buildActionMask = 2147483647;
			files = (
				373E5B2B27AC2C50F1086D08 /* Pods_ProductsList.framework in Frameworks */,
			);
			runOnlyForDeploymentPostprocessing = 0;
		};
		4FAAFBA1200FE080004CA0B4 /* Frameworks */ = {
			isa = PBXFrameworksBuildPhase;
			buildActionMask = 2147483647;
			files = (
				3184A6C1265610CE9319DF15 /* Pods_ProductsListTests.framework in Frameworks */,
			);
			runOnlyForDeploymentPostprocessing = 0;
		};
		4FAAFBAC200FE080004CA0B4 /* Frameworks */ = {
			isa = PBXFrameworksBuildPhase;
			buildActionMask = 2147483647;
			files = (
				359A04A3F5B8931B974560A2 /* Pods_ProductsListUITests.framework in Frameworks */,
			);
			runOnlyForDeploymentPostprocessing = 0;
		};
/* End PBXFrameworksBuildPhase section */

/* Begin PBXGroup section */
		26B08289F88F3EEA70C3AEF7 /* Frameworks */ = {
			isa = PBXGroup;
			children = (
				FD133B040515412DB6853D00 /* Pods_ProductsList.framework */,
				26DE93D444433AEDDF510991 /* Pods_ProductsListTests.framework */,
				57D35D4481AAD322A023D534 /* Pods_ProductsListUITests.framework */,
			);
			name = Frameworks;
			sourceTree = "<group>";
		};
		4FAAFB87200FE080004CA0B4 = {
			isa = PBXGroup;
			children = (
				4FAAFB92200FE080004CA0B4 /* ProductsList */,
				4FAAFBA7200FE080004CA0B4 /* ProductsListTests */,
				4FAAFBB2200FE080004CA0B4 /* ProductsListUITests */,
				4FAAFB91200FE080004CA0B4 /* Products */,
				99B081E9A77EB0B716E3C87C /* Pods */,
				26B08289F88F3EEA70C3AEF7 /* Frameworks */,
			);
			sourceTree = "<group>";
		};
		4FAAFB91200FE080004CA0B4 /* Products */ = {
			isa = PBXGroup;
			children = (
				4FAAFB90200FE080004CA0B4 /* ProductsList.app */,
				4FAAFBA4200FE080004CA0B4 /* ProductsListTests.xctest */,
				4FAAFBAF200FE080004CA0B4 /* ProductsListUITests.xctest */,
			);
			name = Products;
			sourceTree = "<group>";
		};
		4FAAFB92200FE080004CA0B4 /* ProductsList */ = {
			isa = PBXGroup;
			children = (
				4FAAFBC1200FE3A4004CA0B4 /* Files */,
				4FAAFB93200FE080004CA0B4 /* AppDelegate.swift */,
				4FAAFB95200FE080004CA0B4 /* ViewController.swift */,
				4FAAFB97200FE080004CA0B4 /* Main.storyboard */,
				4FAAFB9A200FE080004CA0B4 /* Assets.xcassets */,
				4FAAFB9C200FE080004CA0B4 /* LaunchScreen.storyboard */,
				4FAAFB9F200FE080004CA0B4 /* Info.plist */,
			);
			path = ProductsList;
			sourceTree = "<group>";
		};
		4FAAFBA7200FE080004CA0B4 /* ProductsListTests */ = {
			isa = PBXGroup;
			children = (
				4FAAFBA8200FE080004CA0B4 /* ProductsListTests.swift */,
				4FAAFBAA200FE080004CA0B4 /* Info.plist */,
			);
			path = ProductsListTests;
			sourceTree = "<group>";
		};
		4FAAFBB2200FE080004CA0B4 /* ProductsListUITests */ = {
			isa = PBXGroup;
			children = (
				4FAAFBB3200FE080004CA0B4 /* ProductsListUITests.swift */,
				4FAAFBB5200FE080004CA0B4 /* Info.plist */,
			);
			path = ProductsListUITests;
			sourceTree = "<group>";
		};
		4FAAFBC1200FE3A4004CA0B4 /* Files */ = {
			isa = PBXGroup;
			children = (
				4FAAFBC2200FE3D9004CA0B4 /* Products.json */,
				4FAAFBC4200FE3E2004CA0B4 /* Group.json */,
			);
			path = Files;
			sourceTree = "<group>";
		};
		99B081E9A77EB0B716E3C87C /* Pods */ = {
			isa = PBXGroup;
			children = (
				61FACD7FB8BBEEC1AAB101E2 /* Pods-ProductsList.debug.xcconfig */,
				562DD18908E88B80FF3BBCC2 /* Pods-ProductsList.release.xcconfig */,
				EE23CF84051537A46DF9D1B5 /* Pods-ProductsListTests.debug.xcconfig */,
				5A438B9EF3AF29DBE65C6225 /* Pods-ProductsListTests.release.xcconfig */,
				CFF8EFA923ADAF40658F2615 /* Pods-ProductsListUITests.debug.xcconfig */,
				642CDDB4CA7FA467B61FE8DE /* Pods-ProductsListUITests.release.xcconfig */,
			);
			name = Pods;
			sourceTree = "<group>";
		};
/* End PBXGroup section */

/* Begin PBXNativeTarget section */
		4FAAFB8F200FE080004CA0B4 /* ProductsList */ = {
			isa = PBXNativeTarget;
			buildConfigurationList = 4FAAFBB8200FE080004CA0B4 /* Build configuration list for PBXNativeTarget "ProductsList" */;
			buildPhases = (
				F69B18010828C3C6D69F7D79 /* [CP] Check Pods Manifest.lock */,
				4FAAFB8C200FE080004CA0B4 /* Sources */,
				4FAAFB8D200FE080004CA0B4 /* Frameworks */,
				4FAAFB8E200FE080004CA0B4 /* Resources */,
				990407643C182282BA3B10BD /* [CP] Embed Pods Frameworks */,
				ABABBB39F5A6AB206B4C2B0B /* [CP] Copy Pods Resources */,
			);
			buildRules = (
			);
			dependencies = (
			);
			name = ProductsList;
			productName = ProductsList;
			productReference = 4FAAFB90200FE080004CA0B4 /* ProductsList.app */;
			productType = "com.apple.product-type.application";
		};
		4FAAFBA3200FE080004CA0B4 /* ProductsListTests */ = {
			isa = PBXNativeTarget;
			buildConfigurationList = 4FAAFBBB200FE080004CA0B4 /* Build configuration list for PBXNativeTarget "ProductsListTests" */;
			buildPhases = (
				D6654909A97B7109A2989F4F /* [CP] Check Pods Manifest.lock */,
				4FAAFBA0200FE080004CA0B4 /* Sources */,
				4FAAFBA1200FE080004CA0B4 /* Frameworks */,
				4FAAFBA2200FE080004CA0B4 /* Resources */,
				17E95B73632AD6FCEB1E778A /* [CP] Embed Pods Frameworks */,
				C4C9F89ECBA10EF8A7B3E1D6 /* [CP] Copy Pods Resources */,
			);
			buildRules = (
			);
			dependencies = (
				4FAAFBA6200FE080004CA0B4 /* PBXTargetDependency */,
			);
			name = ProductsListTests;
			productName = ProductsListTests;
			productReference = 4FAAFBA4200FE080004CA0B4 /* ProductsListTests.xctest */;
			productType = "com.apple.product-type.bundle.unit-test";
		};
		4FAAFBAE200FE080004CA0B4 /* ProductsListUITests */ = {
			isa = PBXNativeTarget;
			buildConfigurationList = 4FAAFBBE200FE080004CA0B4 /* Build configuration list for PBXNativeTarget "ProductsListUITests" */;
			buildPhases = (
				05310505704FB9779648AD4C /* [CP] Check Pods Manifest.lock */,
				4FAAFBAB200FE080004CA0B4 /* Sources */,
				4FAAFBAC200FE080004CA0B4 /* Frameworks */,
				4FAAFBAD200FE080004CA0B4 /* Resources */,
				0120B6A4F222D1EBC01BF0D6 /* [CP] Embed Pods Frameworks */,
				93F853FB57667AE0EA20CE7C /* [CP] Copy Pods Resources */,
			);
			buildRules = (
			);
			dependencies = (
				4FAAFBB1200FE080004CA0B4 /* PBXTargetDependency */,
			);
			name = ProductsListUITests;
			productName = ProductsListUITests;
			productReference = 4FAAFBAF200FE080004CA0B4 /* ProductsListUITests.xctest */;
			productType = "com.apple.product-type.bundle.ui-testing";
		};
/* End PBXNativeTarget section */

/* Begin PBXProject section */
		4FAAFB88200FE080004CA0B4 /* Project object */ = {
			isa = PBXProject;
			attributes = {
				LastSwiftUpdateCheck = 0920;
				LastUpgradeCheck = 0920;
				ORGANIZATIONNAME = Dmitry;
				TargetAttributes = {
					4FAAFB8F200FE080004CA0B4 = {
						CreatedOnToolsVersion = 9.2;
						ProvisioningStyle = Automatic;
					};
					4FAAFBA3200FE080004CA0B4 = {
						CreatedOnToolsVersion = 9.2;
						ProvisioningStyle = Automatic;
						TestTargetID = 4FAAFB8F200FE080004CA0B4;
					};
					4FAAFBAE200FE080004CA0B4 = {
						CreatedOnToolsVersion = 9.2;
						ProvisioningStyle = Automatic;
						TestTargetID = 4FAAFB8F200FE080004CA0B4;
					};
				};
			};
			buildConfigurationList = 4FAAFB8B200FE080004CA0B4 /* Build configuration list for PBXProject "ProductsList" */;
			compatibilityVersion = "Xcode 8.0";
			developmentRegion = en;
			hasScannedForEncodings = 0;
			knownRegions = (
				en,
				Base,
			);
			mainGroup = 4FAAFB87200FE080004CA0B4;
			productRefGroup = 4FAAFB91200FE080004CA0B4 /* Products */;
			projectDirPath = "";
			projectRoot = "";
			targets = (
				4FAAFB8F200FE080004CA0B4 /* ProductsList */,
				4FAAFBA3200FE080004CA0B4 /* ProductsListTests */,
				4FAAFBAE200FE080004CA0B4 /* ProductsListUITests */,
			);
		};
/* End PBXProject section */

/* Begin PBXResourcesBuildPhase section */
		4FAAFB8E200FE080004CA0B4 /* Resources */ = {
			isa = PBXResourcesBuildPhase;
			buildActionMask = 2147483647;
			files = (
				4FAAFB9E200FE080004CA0B4 /* LaunchScreen.storyboard in Resources */,
				4FAAFBC3200FE3D9004CA0B4 /* Products.json in Resources */,
				4FAAFB9B200FE080004CA0B4 /* Assets.xcassets in Resources */,
				4FAAFBC5200FE3E2004CA0B4 /* Group.json in Resources */,
				4FAAFB99200FE080004CA0B4 /* Main.storyboard in Resources */,
			);
			runOnlyForDeploymentPostprocessing = 0;
		};
		4FAAFBA2200FE080004CA0B4 /* Resources */ = {
			isa = PBXResourcesBuildPhase;
			buildActionMask = 2147483647;
			files = (
			);
			runOnlyForDeploymentPostprocessing = 0;
		};
		4FAAFBAD200FE080004CA0B4 /* Resources */ = {
			isa = PBXResourcesBuildPhase;
			buildActionMask = 2147483647;
			files = (
			);
			runOnlyForDeploymentPostprocessing = 0;
		};
/* End PBXResourcesBuildPhase section */

/* Begin PBXShellScriptBuildPhase section */
		0120B6A4F222D1EBC01BF0D6 /* [CP] Embed Pods Frameworks */ = {
			isa = PBXShellScriptBuildPhase;
			buildActionMask = 2147483647;
			files = (
			);
			inputPaths = (
			);
			name = "[CP] Embed Pods Frameworks";
			outputPaths = (
			);
			runOnlyForDeploymentPostprocessing = 0;
			shellPath = /bin/sh;
			shellScript = "\"${SRCROOT}/Pods/Target Support Files/Pods-ProductsListUITests/Pods-ProductsListUITests-frameworks.sh\"\n";
			showEnvVarsInLog = 0;
		};
		05310505704FB9779648AD4C /* [CP] Check Pods Manifest.lock */ = {
			isa = PBXShellScriptBuildPhase;
			buildActionMask = 2147483647;
			files = (
			);
			inputPaths = (
				"${PODS_PODFILE_DIR_PATH}/Podfile.lock",
				"${PODS_ROOT}/Manifest.lock",
			);
			name = "[CP] Check Pods Manifest.lock";
			outputPaths = (
				"$(DERIVED_FILE_DIR)/Pods-ProductsListUITests-checkManifestLockResult.txt",
			);
			runOnlyForDeploymentPostprocessing = 0;
			shellPath = /bin/sh;
			shellScript = "diff \"${PODS_PODFILE_DIR_PATH}/Podfile.lock\" \"${PODS_ROOT}/Manifest.lock\" > /dev/null\nif [ $? != 0 ] ; then\n    # print error to STDERR\n    echo \"error: The sandbox is not in sync with the Podfile.lock. Run 'pod install' or update your CocoaPods installation.\" >&2\n    exit 1\nfi\n# This output is used by Xcode 'outputs' to avoid re-running this script phase.\necho \"SUCCESS\" > \"${SCRIPT_OUTPUT_FILE_0}\"\n";
			showEnvVarsInLog = 0;
		};
		17E95B73632AD6FCEB1E778A /* [CP] Embed Pods Frameworks */ = {
			isa = PBXShellScriptBuildPhase;
			buildActionMask = 2147483647;
			files = (
			);
			inputPaths = (
			);
			name = "[CP] Embed Pods Frameworks";
			outputPaths = (
			);
			runOnlyForDeploymentPostprocessing = 0;
			shellPath = /bin/sh;
			shellScript = "\"${SRCROOT}/Pods/Target Support Files/Pods-ProductsListTests/Pods-ProductsListTests-frameworks.sh\"\n";
			showEnvVarsInLog = 0;
		};
		93F853FB57667AE0EA20CE7C /* [CP] Copy Pods Resources */ = {
			isa = PBXShellScriptBuildPhase;
			buildActionMask = 2147483647;
			files = (
			);
			inputPaths = (
			);
			name = "[CP] Copy Pods Resources";
			outputPaths = (
			);
			runOnlyForDeploymentPostprocessing = 0;
			shellPath = /bin/sh;
			shellScript = "\"${SRCROOT}/Pods/Target Support Files/Pods-ProductsListUITests/Pods-ProductsListUITests-resources.sh\"\n";
			showEnvVarsInLog = 0;
		};
		990407643C182282BA3B10BD /* [CP] Embed Pods Frameworks */ = {
			isa = PBXShellScriptBuildPhase;
			buildActionMask = 2147483647;
			files = (
			);
			inputPaths = (
			);
			name = "[CP] Embed Pods Frameworks";
			outputPaths = (
			);
			runOnlyForDeploymentPostprocessing = 0;
			shellPath = /bin/sh;
			shellScript = "\"${SRCROOT}/Pods/Target Support Files/Pods-ProductsList/Pods-ProductsList-frameworks.sh\"\n";
			showEnvVarsInLog = 0;
		};
		ABABBB39F5A6AB206B4C2B0B /* [CP] Copy Pods Resources */ = {
			isa = PBXShellScriptBuildPhase;
			buildActionMask = 2147483647;
			files = (
			);
			inputPaths = (
			);
			name = "[CP] Copy Pods Resources";
			outputPaths = (
			);
			runOnlyForDeploymentPostprocessing = 0;
			shellPath = /bin/sh;
			shellScript = "\"${SRCROOT}/Pods/Target Support Files/Pods-ProductsList/Pods-ProductsList-resources.sh\"\n";
			showEnvVarsInLog = 0;
		};
		C4C9F89ECBA10EF8A7B3E1D6 /* [CP] Copy Pods Resources */ = {
			isa = PBXShellScriptBuildPhase;
			buildActionMask = 2147483647;
			files = (
			);
			inputPaths = (
			);
			name = "[CP] Copy Pods Resources";
			outputPaths = (
			);
			runOnlyForDeploymentPostprocessing = 0;
			shellPath = /bin/sh;
			shellScript = "\"${SRCROOT}/Pods/Target Support Files/Pods-ProductsListTests/Pods-ProductsListTests-resources.sh\"\n";
			showEnvVarsInLog = 0;
		};
		D6654909A97B7109A2989F4F /* [CP] Check Pods Manifest.lock */ = {
			isa = PBXShellScriptBuildPhase;
			buildActionMask = 2147483647;
			files = (
			);
			inputPaths = (
				"${PODS_PODFILE_DIR_PATH}/Podfile.lock",
				"${PODS_ROOT}/Manifest.lock",
			);
			name = "[CP] Check Pods Manifest.lock";
			outputPaths = (
				"$(DERIVED_FILE_DIR)/Pods-ProductsListTests-checkManifestLockResult.txt",
			);
			runOnlyForDeploymentPostprocessing = 0;
			shellPath = /bin/sh;
			shellScript = "diff \"${PODS_PODFILE_DIR_PATH}/Podfile.lock\" \"${PODS_ROOT}/Manifest.lock\" > /dev/null\nif [ $? != 0 ] ; then\n    # print error to STDERR\n    echo \"error: The sandbox is not in sync with the Podfile.lock. Run 'pod install' or update your CocoaPods installation.\" >&2\n    exit 1\nfi\n# This output is used by Xcode 'outputs' to avoid re-running this script phase.\necho \"SUCCESS\" > \"${SCRIPT_OUTPUT_FILE_0}\"\n";
			showEnvVarsInLog = 0;
		};
		F69B18010828C3C6D69F7D79 /* [CP] Check Pods Manifest.lock */ = {
			isa = PBXShellScriptBuildPhase;
			buildActionMask = 2147483647;
			files = (
			);
			inputPaths = (
				"${PODS_PODFILE_DIR_PATH}/Podfile.lock",
				"${PODS_ROOT}/Manifest.lock",
			);
			name = "[CP] Check Pods Manifest.lock";
			outputPaths = (
				"$(DERIVED_FILE_DIR)/Pods-ProductsList-checkManifestLockResult.txt",
			);
			runOnlyForDeploymentPostprocessing = 0;
			shellPath = /bin/sh;
			shellScript = "diff \"${PODS_PODFILE_DIR_PATH}/Podfile.lock\" \"${PODS_ROOT}/Manifest.lock\" > /dev/null\nif [ $? != 0 ] ; then\n    # print error to STDERR\n    echo \"error: The sandbox is not in sync with the Podfile.lock. Run 'pod install' or update your CocoaPods installation.\" >&2\n    exit 1\nfi\n# This output is used by Xcode 'outputs' to avoid re-running this script phase.\necho \"SUCCESS\" > \"${SCRIPT_OUTPUT_FILE_0}\"\n";
			showEnvVarsInLog = 0;
		};
/* End PBXShellScriptBuildPhase section */

/* Begin PBXSourcesBuildPhase section */
		4FAAFB8C200FE080004CA0B4 /* Sources */ = {
			isa = PBXSourcesBuildPhase;
			buildActionMask = 2147483647;
			files = (
				4FAAFB96200FE080004CA0B4 /* ViewController.swift in Sources */,
				4FAAFB94200FE080004CA0B4 /* AppDelegate.swift in Sources */,
			);
			runOnlyForDeploymentPostprocessing = 0;
		};
		4FAAFBA0200FE080004CA0B4 /* Sources */ = {
			isa = PBXSourcesBuildPhase;
			buildActionMask = 2147483647;
			files = (
				4FAAFBA9200FE080004CA0B4 /* ProductsListTests.swift in Sources */,
			);
			runOnlyForDeploymentPostprocessing = 0;
		};
		4FAAFBAB200FE080004CA0B4 /* Sources */ = {
			isa = PBXSourcesBuildPhase;
			buildActionMask = 2147483647;
			files = (
				4FAAFBB4200FE080004CA0B4 /* ProductsListUITests.swift in Sources */,
			);
			runOnlyForDeploymentPostprocessing = 0;
		};
/* End PBXSourcesBuildPhase section */

/* Begin PBXTargetDependency section */
		4FAAFBA6200FE080004CA0B4 /* PBXTargetDependency */ = {
			isa = PBXTargetDependency;
			target = 4FAAFB8F200FE080004CA0B4 /* ProductsList */;
			targetProxy = 4FAAFBA5200FE080004CA0B4 /* PBXContainerItemProxy */;
		};
		4FAAFBB1200FE080004CA0B4 /* PBXTargetDependency */ = {
			isa = PBXTargetDependency;
			target = 4FAAFB8F200FE080004CA0B4 /* ProductsList */;
			targetProxy = 4FAAFBB0200FE080004CA0B4 /* PBXContainerItemProxy */;
		};
/* End PBXTargetDependency section */

/* Begin PBXVariantGroup section */
		4FAAFB97200FE080004CA0B4 /* Main.storyboard */ = {
			isa = PBXVariantGroup;
			children = (
				4FAAFB98200FE080004CA0B4 /* Base */,
			);
			name = Main.storyboard;
			sourceTree = "<group>";
		};
		4FAAFB9C200FE080004CA0B4 /* LaunchScreen.storyboard */ = {
			isa = PBXVariantGroup;
			children = (
				4FAAFB9D200FE080004CA0B4 /* Base */,
			);
			name = LaunchScreen.storyboard;
			sourceTree = "<group>";
		};
/* End PBXVariantGroup section */

/* Begin XCBuildConfiguration section */
		4FAAFBB6200FE080004CA0B4 /* Debug */ = {
			isa = XCBuildConfiguration;
			buildSettings = {
				ALWAYS_SEARCH_USER_PATHS = NO;
				CLANG_ANALYZER_NONNULL = YES;
				CLANG_ANALYZER_NUMBER_OBJECT_CONVERSION = YES_AGGRESSIVE;
				CLANG_CXX_LANGUAGE_STANDARD = "gnu++14";
				CLANG_CXX_LIBRARY = "libc++";
				CLANG_ENABLE_MODULES = YES;
				CLANG_ENABLE_OBJC_ARC = YES;
				CLANG_WARN_BLOCK_CAPTURE_AUTORELEASING = YES;
				CLANG_WARN_BOOL_CONVERSION = YES;
				CLANG_WARN_COMMA = YES;
				CLANG_WARN_CONSTANT_CONVERSION = YES;
				CLANG_WARN_DIRECT_OBJC_ISA_USAGE = YES_ERROR;
				CLANG_WARN_DOCUMENTATION_COMMENTS = YES;
				CLANG_WARN_EMPTY_BODY = YES;
				CLANG_WARN_ENUM_CONVERSION = YES;
				CLANG_WARN_INFINITE_RECURSION = YES;
				CLANG_WARN_INT_CONVERSION = YES;
				CLANG_WARN_NON_LITERAL_NULL_CONVERSION = YES;
				CLANG_WARN_OBJC_LITERAL_CONVERSION = YES;
				CLANG_WARN_OBJC_ROOT_CLASS = YES_ERROR;
				CLANG_WARN_RANGE_LOOP_ANALYSIS = YES;
				CLANG_WARN_STRICT_PROTOTYPES = YES;
				CLANG_WARN_SUSPICIOUS_MOVE = YES;
				CLANG_WARN_UNGUARDED_AVAILABILITY = YES_AGGRESSIVE;
				CLANG_WARN_UNREACHABLE_CODE = YES;
				CLANG_WARN__DUPLICATE_METHOD_MATCH = YES;
				CODE_SIGN_IDENTITY = "iPhone Developer";
				COPY_PHASE_STRIP = NO;
				DEBUG_INFORMATION_FORMAT = dwarf;
				ENABLE_STRICT_OBJC_MSGSEND = YES;
				ENABLE_TESTABILITY = YES;
				GCC_C_LANGUAGE_STANDARD = gnu11;
				GCC_DYNAMIC_NO_PIC = NO;
				GCC_NO_COMMON_BLOCKS = YES;
				GCC_OPTIMIZATION_LEVEL = 0;
				GCC_PREPROCESSOR_DEFINITIONS = (
					"DEBUG=1",
					"$(inherited)",
				);
				GCC_WARN_64_TO_32_BIT_CONVERSION = YES;
				GCC_WARN_ABOUT_RETURN_TYPE = YES_ERROR;
				GCC_WARN_UNDECLARED_SELECTOR = YES;
				GCC_WARN_UNINITIALIZED_AUTOS = YES_AGGRESSIVE;
				GCC_WARN_UNUSED_FUNCTION = YES;
				GCC_WARN_UNUSED_VARIABLE = YES;
				IPHONEOS_DEPLOYMENT_TARGET = 11.2;
				MTL_ENABLE_DEBUG_INFO = YES;
				ONLY_ACTIVE_ARCH = YES;
				SDKROOT = iphoneos;
				SWIFT_ACTIVE_COMPILATION_CONDITIONS = DEBUG;
				SWIFT_OPTIMIZATION_LEVEL = "-Onone";
			};
			name = Debug;
		};
		4FAAFBB7200FE080004CA0B4 /* Release */ = {
			isa = XCBuildConfiguration;
			buildSettings = {
				ALWAYS_SEARCH_USER_PATHS = NO;
				CLANG_ANALYZER_NONNULL = YES;
				CLANG_ANALYZER_NUMBER_OBJECT_CONVERSION = YES_AGGRESSIVE;
				CLANG_CXX_LANGUAGE_STANDARD = "gnu++14";
				CLANG_CXX_LIBRARY = "libc++";
				CLANG_ENABLE_MODULES = YES;
				CLANG_ENABLE_OBJC_ARC = YES;
				CLANG_WARN_BLOCK_CAPTURE_AUTORELEASING = YES;
				CLANG_WARN_BOOL_CONVERSION = YES;
				CLANG_WARN_COMMA = YES;
				CLANG_WARN_CONSTANT_CONVERSION = YES;
				CLANG_WARN_DIRECT_OBJC_ISA_USAGE = YES_ERROR;
				CLANG_WARN_DOCUMENTATION_COMMENTS = YES;
				CLANG_WARN_EMPTY_BODY = YES;
				CLANG_WARN_ENUM_CONVERSION = YES;
				CLANG_WARN_INFINITE_RECURSION = YES;
				CLANG_WARN_INT_CONVERSION = YES;
				CLANG_WARN_NON_LITERAL_NULL_CONVERSION = YES;
				CLANG_WARN_OBJC_LITERAL_CONVERSION = YES;
				CLANG_WARN_OBJC_ROOT_CLASS = YES_ERROR;
				CLANG_WARN_RANGE_LOOP_ANALYSIS = YES;
				CLANG_WARN_STRICT_PROTOTYPES = YES;
				CLANG_WARN_SUSPICIOUS_MOVE = YES;
				CLANG_WARN_UNGUARDED_AVAILABILITY = YES_AGGRESSIVE;
				CLANG_WARN_UNREACHABLE_CODE = YES;
				CLANG_WARN__DUPLICATE_METHOD_MATCH = YES;
				CODE_SIGN_IDENTITY = "iPhone Developer";
				COPY_PHASE_STRIP = NO;
				DEBUG_INFORMATION_FORMAT = "dwarf-with-dsym";
				ENABLE_NS_ASSERTIONS = NO;
				ENABLE_STRICT_OBJC_MSGSEND = YES;
				GCC_C_LANGUAGE_STANDARD = gnu11;
				GCC_NO_COMMON_BLOCKS = YES;
				GCC_WARN_64_TO_32_BIT_CONVERSION = YES;
				GCC_WARN_ABOUT_RETURN_TYPE = YES_ERROR;
				GCC_WARN_UNDECLARED_SELECTOR = YES;
				GCC_WARN_UNINITIALIZED_AUTOS = YES_AGGRESSIVE;
				GCC_WARN_UNUSED_FUNCTION = YES;
				GCC_WARN_UNUSED_VARIABLE = YES;
				IPHONEOS_DEPLOYMENT_TARGET = 11.2;
				MTL_ENABLE_DEBUG_INFO = NO;
				SDKROOT = iphoneos;
				SWIFT_OPTIMIZATION_LEVEL = "-Owholemodule";
				VALIDATE_PRODUCT = YES;
			};
			name = Release;
		};
		4FAAFBB9200FE080004CA0B4 /* Debug */ = {
			isa = XCBuildConfiguration;
			baseConfigurationReference = 61FACD7FB8BBEEC1AAB101E2 /* Pods-ProductsList.debug.xcconfig */;
			buildSettings = {
				ASSETCATALOG_COMPILER_APPICON_NAME = AppIcon;
				CODE_SIGN_STYLE = Automatic;
				INFOPLIST_FILE = ProductsList/Info.plist;
				LD_RUNPATH_SEARCH_PATHS = "$(inherited) @executable_path/Frameworks";
				PRODUCT_BUNDLE_IDENTIFIER = KD.ProductsList;
				PRODUCT_NAME = "$(TARGET_NAME)";
				SWIFT_VERSION = 4.0;
				TARGETED_DEVICE_FAMILY = "1,2";
			};
			name = Debug;
		};
		4FAAFBBA200FE080004CA0B4 /* Release */ = {
			isa = XCBuildConfiguration;
			baseConfigurationReference = 562DD18908E88B80FF3BBCC2 /* Pods-ProductsList.release.xcconfig */;
			buildSettings = {
				ASSETCATALOG_COMPILER_APPICON_NAME = AppIcon;
				CODE_SIGN_STYLE = Automatic;
				INFOPLIST_FILE = ProductsList/Info.plist;
				LD_RUNPATH_SEARCH_PATHS = "$(inherited) @executable_path/Frameworks";
				PRODUCT_BUNDLE_IDENTIFIER = KD.ProductsList;
				PRODUCT_NAME = "$(TARGET_NAME)";
				SWIFT_VERSION = 4.0;
				TARGETED_DEVICE_FAMILY = "1,2";
			};
			name = Release;
		};
		4FAAFBBC200FE080004CA0B4 /* Debug */ = {
			isa = XCBuildConfiguration;
			baseConfigurationReference = EE23CF84051537A46DF9D1B5 /* Pods-ProductsListTests.debug.xcconfig */;
			buildSettings = {
				ALWAYS_EMBED_SWIFT_STANDARD_LIBRARIES = YES;
				BUNDLE_LOADER = "$(TEST_HOST)";
				CODE_SIGN_STYLE = Automatic;
				INFOPLIST_FILE = ProductsListTests/Info.plist;
				LD_RUNPATH_SEARCH_PATHS = "$(inherited) @executable_path/Frameworks @loader_path/Frameworks";
				PRODUCT_BUNDLE_IDENTIFIER = KD.ProductsListTests;
				PRODUCT_NAME = "$(TARGET_NAME)";
				SWIFT_VERSION = 4.0;
				TARGETED_DEVICE_FAMILY = "1,2";
				TEST_HOST = "$(BUILT_PRODUCTS_DIR)/ProductsList.app/ProductsList";
			};
			name = Debug;
		};
		4FAAFBBD200FE080004CA0B4 /* Release */ = {
			isa = XCBuildConfiguration;
			baseConfigurationReference = 5A438B9EF3AF29DBE65C6225 /* Pods-ProductsListTests.release.xcconfig */;
			buildSettings = {
				ALWAYS_EMBED_SWIFT_STANDARD_LIBRARIES = YES;
				BUNDLE_LOADER = "$(TEST_HOST)";
				CODE_SIGN_STYLE = Automatic;
				INFOPLIST_FILE = ProductsListTests/Info.plist;
				LD_RUNPATH_SEARCH_PATHS = "$(inherited) @executable_path/Frameworks @loader_path/Frameworks";
				PRODUCT_BUNDLE_IDENTIFIER = KD.ProductsListTests;
				PRODUCT_NAME = "$(TARGET_NAME)";
				SWIFT_VERSION = 4.0;
				TARGETED_DEVICE_FAMILY = "1,2";
				TEST_HOST = "$(BUILT_PRODUCTS_DIR)/ProductsList.app/ProductsList";
			};
			name = Release;
		};
		4FAAFBBF200FE080004CA0B4 /* Debug */ = {
			isa = XCBuildConfiguration;
			baseConfigurationReference = CFF8EFA923ADAF40658F2615 /* Pods-ProductsListUITests.debug.xcconfig */;
			buildSettings = {
				ALWAYS_EMBED_SWIFT_STANDARD_LIBRARIES = YES;
				CODE_SIGN_STYLE = Automatic;
				INFOPLIST_FILE = ProductsListUITests/Info.plist;
				LD_RUNPATH_SEARCH_PATHS = "$(inherited) @executable_path/Frameworks @loader_path/Frameworks";
				PRODUCT_BUNDLE_IDENTIFIER = KD.ProductsListUITests;
				PRODUCT_NAME = "$(TARGET_NAME)";
				SWIFT_VERSION = 4.0;
				TARGETED_DEVICE_FAMILY = "1,2";
				TEST_TARGET_NAME = ProductsList;
			};
			name = Debug;
		};
		4FAAFBC0200FE080004CA0B4 /* Release */ = {
			isa = XCBuildConfiguration;
			baseConfigurationReference = 642CDDB4CA7FA467B61FE8DE /* Pods-ProductsListUITests.release.xcconfig */;
			buildSettings = {
				ALWAYS_EMBED_SWIFT_STANDARD_LIBRARIES = YES;
				CODE_SIGN_STYLE = Automatic;
				INFOPLIST_FILE = ProductsListUITests/Info.plist;
				LD_RUNPATH_SEARCH_PATHS = "$(inherited) @executable_path/Frameworks @loader_path/Frameworks";
				PRODUCT_BUNDLE_IDENTIFIER = KD.ProductsListUITests;
				PRODUCT_NAME = "$(TARGET_NAME)";
				SWIFT_VERSION = 4.0;
				TARGETED_DEVICE_FAMILY = "1,2";
				TEST_TARGET_NAME = ProductsList;
			};
			name = Release;
		};
/* End XCBuildConfiguration section */

/* Begin XCConfigurationList section */
		4FAAFB8B200FE080004CA0B4 /* Build configuration list for PBXProject "ProductsList" */ = {
			isa = XCConfigurationList;
			buildConfigurations = (
				4FAAFBB6200FE080004CA0B4 /* Debug */,
				4FAAFBB7200FE080004CA0B4 /* Release */,
			);
			defaultConfigurationIsVisible = 0;
			defaultConfigurationName = Release;
		};
		4FAAFBB8200FE080004CA0B4 /* Build configuration list for PBXNativeTarget "ProductsList" */ = {
			isa = XCConfigurationList;
			buildConfigurations = (
				4FAAFBB9200FE080004CA0B4 /* Debug */,
				4FAAFBBA200FE080004CA0B4 /* Release */,
			);
			defaultConfigurationIsVisible = 0;
			defaultConfigurationName = Release;
		};
		4FAAFBBB200FE080004CA0B4 /* Build configuration list for PBXNativeTarget "ProductsListTests" */ = {
			isa = XCConfigurationList;
			buildConfigurations = (
				4FAAFBBC200FE080004CA0B4 /* Debug */,
				4FAAFBBD200FE080004CA0B4 /* Release */,
			);
			defaultConfigurationIsVisible = 0;
			defaultConfigurationName = Release;
		};
		4FAAFBBE200FE080004CA0B4 /* Build configuration list for PBXNativeTarget "ProductsListUITests" */ = {
			isa = XCConfigurationList;
			buildConfigurations = (
				4FAAFBBF200FE080004CA0B4 /* Debug */,
				4FAAFBC0200FE080004CA0B4 /* Release */,
			);
			defaultConfigurationIsVisible = 0;
			defaultConfigurationName = Release;
		};
/* End XCConfigurationList section */
	};
	rootObject = 4FAAFB88200FE080004CA0B4 /* Project object */;
}
